PODS:
  - ECGSDKStatic (0.3.2)

DEPENDENCIES:
  - ECGSDKStatic (from `./ECGSDKStatic`)

EXTERNAL SOURCES:
  ECGSDKStatic:
    :path: "./ECGSDKStatic"

SPEC CHECKSUMS:
  ECGSDKStatic: 401209a619805859168aef811682a87bd7eb242f

PODFILE CHECKSUM: df387112477f8718a4ddd900dd561e36a7002e35

COCOAPODS: 1.15.2
