// !$*UTF8*$!
{
	archiveVersion = 1;
	classes = {
	};
	objectVersion = 56;
	objects = {

/* Begin PBXBuildFile section */
		3BD00CB92C930BEF0091105F /* SDKDemoPublicApp.swift in Sources */ = {isa = PBXBuildFile; fileRef = 3BD00CB82C930BEF0091105F /* SDKDemoPublicApp.swift */; };
		3BD00CBB2C930BEF0091105F /* ContentView.swift in Sources */ = {isa = PBXBuildFile; fileRef = 3BD00CBA2C930BEF0091105F /* ContentView.swift */; };
		3BD00CBD2C930BF00091105F /* Assets.xcassets in Resources */ = {isa = PBXBuildFile; fileRef = 3BD00CBC2C930BF00091105F /* Assets.xcassets */; };
		3BD00CC02C930BF00091105F /* Preview Assets.xcassets in Resources */ = {isa = PBXBuildFile; fileRef = 3BD00CBF2C930BF00091105F /* Preview Assets.xcassets */; };
		3BD00CCD2C930DB60091105F /* normal100.csv in Resources */ = {isa = PBXBuildFile; fileRef = 3BD00CCB2C930DB60091105F /* normal100.csv */; };
		E2952BA70B341BB004A5B480 /* Pods_SDKDemoPublic.framework in Frameworks */ = {isa = PBXBuildFile; fileRef = 2B0EAEBF3334451912095D47 /* Pods_SDKDemoPublic.framework */; };
/* End PBXBuildFile section */

/* Begin PBXFileReference section */
		2998458BCA60FA44308EB421 /* Pods-SDKDemoPublic.release.xcconfig */ = {isa = PBXFileReference; includeInIndex = 1; lastKnownFileType = text.xcconfig; name = "Pods-SDKDemoPublic.release.xcconfig"; path = "Target Support Files/Pods-SDKDemoPublic/Pods-SDKDemoPublic.release.xcconfig"; sourceTree = "<group>"; };
		2B0EAEBF3334451912095D47 /* Pods_SDKDemoPublic.framework */ = {isa = PBXFileReference; explicitFileType = wrapper.framework; includeInIndex = 0; path = Pods_SDKDemoPublic.framework; sourceTree = BUILT_PRODUCTS_DIR; };
		3BD00CB52C930BEF0091105F /* SDKDemoPublic.app */ = {isa = PBXFileReference; explicitFileType = wrapper.application; includeInIndex = 0; path = SDKDemoPublic.app; sourceTree = BUILT_PRODUCTS_DIR; };
		3BD00CB82C930BEF0091105F /* SDKDemoPublicApp.swift */ = {isa = PBXFileReference; lastKnownFileType = sourcecode.swift; path = SDKDemoPublicApp.swift; sourceTree = "<group>"; };
		3BD00CBA2C930BEF0091105F /* ContentView.swift */ = {isa = PBXFileReference; lastKnownFileType = sourcecode.swift; path = ContentView.swift; sourceTree = "<group>"; };
		3BD00CBC2C930BF00091105F /* Assets.xcassets */ = {isa = PBXFileReference; lastKnownFileType = folder.assetcatalog; path = Assets.xcassets; sourceTree = "<group>"; };
		3BD00CBF2C930BF00091105F /* Preview Assets.xcassets */ = {isa = PBXFileReference; lastKnownFileType = folder.assetcatalog; path = "Preview Assets.xcassets"; sourceTree = "<group>"; };
		3BD00CCB2C930DB60091105F /* normal100.csv */ = {isa = PBXFileReference; fileEncoding = 4; lastKnownFileType = text; path = normal100.csv; sourceTree = "<group>"; };
		F316D2351322F66BFFC13492 /* Pods-SDKDemoPublic.debug.xcconfig */ = {isa = PBXFileReference; includeInIndex = 1; lastKnownFileType = text.xcconfig; name = "Pods-SDKDemoPublic.debug.xcconfig"; path = "Target Support Files/Pods-SDKDemoPublic/Pods-SDKDemoPublic.debug.xcconfig"; sourceTree = "<group>"; };
/* End PBXFileReference section */

/* Begin PBXFrameworksBuildPhase section */
		3BD00CB22C930BEF0091105F /* Frameworks */ = {
			isa = PBXFrameworksBuildPhase;
			buildActionMask = 2147483647;
			files = (
				E2952BA70B341BB004A5B480 /* Pods_SDKDemoPublic.framework in Frameworks */,
			);
			runOnlyForDeploymentPostprocessing = 0;
		};
/* End PBXFrameworksBuildPhase section */

/* Begin PBXGroup section */
		06A7E236AFB1B4F433085870 /* Pods */ = {
			isa = PBXGroup;
			children = (
				F316D2351322F66BFFC13492 /* Pods-SDKDemoPublic.debug.xcconfig */,
				2998458BCA60FA44308EB421 /* Pods-SDKDemoPublic.release.xcconfig */,
			);
			path = Pods;
			sourceTree = "<group>";
		};
		3BD00CAC2C930BEF0091105F = {
			isa = PBXGroup;
			children = (
				3BD00CB72C930BEF0091105F /* SDKDemoPublic */,
				3BD00CB62C930BEF0091105F /* Products */,
				06A7E236AFB1B4F433085870 /* Pods */,
				FA6DFB6740A405ED00B0369D /* Frameworks */,
			);
			sourceTree = "<group>";
		};
		3BD00CB62C930BEF0091105F /* Products */ = {
			isa = PBXGroup;
			children = (
				3BD00CB52C930BEF0091105F /* SDKDemoPublic.app */,
			);
			name = Products;
			sourceTree = "<group>";
		};
		3BD00CB72C930BEF0091105F /* SDKDemoPublic */ = {
			isa = PBXGroup;
			children = (
				3BD00CCC2C930DB60091105F /* res */,
				3BD00CB82C930BEF0091105F /* SDKDemoPublicApp.swift */,
				3BD00CBA2C930BEF0091105F /* ContentView.swift */,
				3BD00CBC2C930BF00091105F /* Assets.xcassets */,
				3BD00CBE2C930BF00091105F /* Preview Content */,
			);
			path = SDKDemoPublic;
			sourceTree = "<group>";
		};
		3BD00CBE2C930BF00091105F /* Preview Content */ = {
			isa = PBXGroup;
			children = (
				3BD00CBF2C930BF00091105F /* Preview Assets.xcassets */,
			);
			path = "Preview Content";
			sourceTree = "<group>";
		};
		3BD00CCC2C930DB60091105F /* res */ = {
			isa = PBXGroup;
			children = (
				3BD00CCB2C930DB60091105F /* normal100.csv */,
			);
			name = res;
			path = "../../ECG SDK Demo/ECG SDK Demo/res";
			sourceTree = "<group>";
		};
		FA6DFB6740A405ED00B0369D /* Frameworks */ = {
			isa = PBXGroup;
			children = (
				2B0EAEBF3334451912095D47 /* Pods_SDKDemoPublic.framework */,
			);
			name = Frameworks;
			sourceTree = "<group>";
		};
/* End PBXGroup section */

/* Begin PBXNativeTarget section */
		3BD00CB42C930BEF0091105F /* SDKDemoPublic */ = {
			isa = PBXNativeTarget;
			buildConfigurationList = 3BD00CC32C930BF00091105F /* Build configuration list for PBXNativeTarget "SDKDemoPublic" */;
			buildPhases = (
				7342E9B1374D6CEC39021F12 /* [CP] Check Pods Manifest.lock */,
				3BD00CB12C930BEF0091105F /* Sources */,
				3BD00CB22C930BEF0091105F /* Frameworks */,
				3BD00CB32C930BEF0091105F /* Resources */,
				828254A7EC0B75DA0E11ACC3 /* [CP] Embed Pods Frameworks */,
			);
			buildRules = (
			);
			dependencies = (
			);
			name = SDKDemoPublic;
			productName = SDKDemoPublic;
			productReference = 3BD00CB52C930BEF0091105F /* SDKDemoPublic.app */;
			productType = "com.apple.product-type.application";
		};
/* End PBXNativeTarget section */

/* Begin PBXProject section */
		3BD00CAD2C930BEF0091105F /* Project object */ = {
			isa = PBXProject;
			attributes = {
				BuildIndependentTargetsInParallel = 1;
				LastSwiftUpdateCheck = 1540;
				LastUpgradeCheck = 1540;
				TargetAttributes = {
					3BD00CB42C930BEF0091105F = {
						CreatedOnToolsVersion = 15.4;
					};
				};
			};
			buildConfigurationList = 3BD00CB02C930BEF0091105F /* Build configuration list for PBXProject "SDKDemoPublic" */;
			compatibilityVersion = "Xcode 14.0";
			developmentRegion = en;
			hasScannedForEncodings = 0;
			knownRegions = (
				en,
				Base,
			);
			mainGroup = 3BD00CAC2C930BEF0091105F;
			productRefGroup = 3BD00CB62C930BEF0091105F /* Products */;
			projectDirPath = "";
			projectRoot = "";
			targets = (
				3BD00CB42C930BEF0091105F /* SDKDemoPublic */,
			);
		};
/* End PBXProject section */

/* Begin PBXResourcesBuildPhase section */
		3BD00CB32C930BEF0091105F /* Resources */ = {
			isa = PBXResourcesBuildPhase;
			buildActionMask = 2147483647;
			files = (
				3BD00CCD2C930DB60091105F /* normal100.csv in Resources */,
				3BD00CC02C930BF00091105F /* Preview Assets.xcassets in Resources */,
				3BD00CBD2C930BF00091105F /* Assets.xcassets in Resources */,
			);
			runOnlyForDeploymentPostprocessing = 0;
		};
/* End PBXResourcesBuildPhase section */

/* Begin PBXShellScriptBuildPhase section */
		7342E9B1374D6CEC39021F12 /* [CP] Check Pods Manifest.lock */ = {
			isa = PBXShellScriptBuildPhase;
			buildActionMask = 2147483647;
			files = (
			);
			inputFileListPaths = (
			);
			inputPaths = (
				"${PODS_PODFILE_DIR_PATH}/Podfile.lock",
				"${PODS_ROOT}/Manifest.lock",
			);
			name = "[CP] Check Pods Manifest.lock";
			outputFileListPaths = (
			);
			outputPaths = (
				"$(DERIVED_FILE_DIR)/Pods-SDKDemoPublic-checkManifestLockResult.txt",
			);
			runOnlyForDeploymentPostprocessing = 0;
			shellPath = /bin/sh;
			shellScript = "diff \"${PODS_PODFILE_DIR_PATH}/Podfile.lock\" \"${PODS_ROOT}/Manifest.lock\" > /dev/null\nif [ $? != 0 ] ; then\n    # print error to STDERR\n    echo \"error: The sandbox is not in sync with the Podfile.lock. Run 'pod install' or update your CocoaPods installation.\" >&2\n    exit 1\nfi\n# This output is used by Xcode 'outputs' to avoid re-running this script phase.\necho \"SUCCESS\" > \"${SCRIPT_OUTPUT_FILE_0}\"\n";
			showEnvVarsInLog = 0;
		};
		828254A7EC0B75DA0E11ACC3 /* [CP] Embed Pods Frameworks */ = {
			isa = PBXShellScriptBuildPhase;
			buildActionMask = 2147483647;
			files = (
			);
			inputFileListPaths = (
				"${PODS_ROOT}/Target Support Files/Pods-SDKDemoPublic/Pods-SDKDemoPublic-frameworks-${CONFIGURATION}-input-files.xcfilelist",
			);
			name = "[CP] Embed Pods Frameworks";
			outputFileListPaths = (
				"${PODS_ROOT}/Target Support Files/Pods-SDKDemoPublic/Pods-SDKDemoPublic-frameworks-${CONFIGURATION}-output-files.xcfilelist",
			);
			runOnlyForDeploymentPostprocessing = 0;
			shellPath = /bin/sh;
			shellScript = "\"${PODS_ROOT}/Target Support Files/Pods-SDKDemoPublic/Pods-SDKDemoPublic-frameworks.sh\"\n";
			showEnvVarsInLog = 0;
		};
/* End PBXShellScriptBuildPhase section */

/* Begin PBXSourcesBuildPhase section */
		3BD00CB12C930BEF0091105F /* Sources */ = {
			isa = PBXSourcesBuildPhase;
			buildActionMask = 2147483647;
			files = (
				3BD00CBB2C930BEF0091105F /* ContentView.swift in Sources */,
				3BD00CB92C930BEF0091105F /* SDKDemoPublicApp.swift in Sources */,
			);
			runOnlyForDeploymentPostprocessing = 0;
		};
/* End PBXSourcesBuildPhase section */

/* Begin XCBuildConfiguration section */
		3BD00CC12C930BF00091105F /* Debug */ = {
			isa = XCBuildConfiguration;
			buildSettings = {
				ALWAYS_SEARCH_USER_PATHS = NO;
				ASSETCATALOG_COMPILER_GENERATE_SWIFT_ASSET_SYMBOL_EXTENSIONS = YES;
				CLANG_ANALYZER_NONNULL = YES;
				CLANG_ANALYZER_NUMBER_OBJECT_CONVERSION = YES_AGGRESSIVE;
				CLANG_CXX_LANGUAGE_STANDARD = "gnu++20";
				CLANG_ENABLE_MODULES = YES;
				CLANG_ENABLE_OBJC_ARC = YES;
				CLANG_ENABLE_OBJC_WEAK = YES;
				CLANG_WARN_BLOCK_CAPTURE_AUTORELEASING = YES;
				CLANG_WARN_BOOL_CONVERSION = YES;
				CLANG_WARN_COMMA = YES;
				CLANG_WARN_CONSTANT_CONVERSION = YES;
				CLANG_WARN_DEPRECATED_OBJC_IMPLEMENTATIONS = YES;
				CLANG_WARN_DIRECT_OBJC_ISA_USAGE = YES_ERROR;
				CLANG_WARN_DOCUMENTATION_COMMENTS = YES;
				CLANG_WARN_EMPTY_BODY = YES;
				CLANG_WARN_ENUM_CONVERSION = YES;
				CLANG_WARN_INFINITE_RECURSION = YES;
				CLANG_WARN_INT_CONVERSION = YES;
				CLANG_WARN_NON_LITERAL_NULL_CONVERSION = YES;
				CLANG_WARN_OBJC_IMPLICIT_RETAIN_SELF = YES;
				CLANG_WARN_OBJC_LITERAL_CONVERSION = YES;
				CLANG_WARN_OBJC_ROOT_CLASS = YES_ERROR;
				CLANG_WARN_QUOTED_INCLUDE_IN_FRAMEWORK_HEADER = YES;
				CLANG_WARN_RANGE_LOOP_ANALYSIS = YES;
				CLANG_WARN_STRICT_PROTOTYPES = YES;
				CLANG_WARN_SUSPICIOUS_MOVE = YES;
				CLANG_WARN_UNGUARDED_AVAILABILITY = YES_AGGRESSIVE;
				CLANG_WARN_UNREACHABLE_CODE = YES;
				CLANG_WARN__DUPLICATE_METHOD_MATCH = YES;
				COPY_PHASE_STRIP = NO;
				DEBUG_INFORMATION_FORMAT = dwarf;
				ENABLE_STRICT_OBJC_MSGSEND = YES;
				ENABLE_TESTABILITY = YES;
				ENABLE_USER_SCRIPT_SANDBOXING = YES;
				GCC_C_LANGUAGE_STANDARD = gnu17;
				GCC_DYNAMIC_NO_PIC = NO;
				GCC_NO_COMMON_BLOCKS = YES;
				GCC_OPTIMIZATION_LEVEL = 0;
				GCC_PREPROCESSOR_DEFINITIONS = (
					"DEBUG=1",
					"$(inherited)",
				);
				GCC_WARN_64_TO_32_BIT_CONVERSION = YES;
				GCC_WARN_ABOUT_RETURN_TYPE = YES_ERROR;
				GCC_WARN_UNDECLARED_SELECTOR = YES;
				GCC_WARN_UNINITIALIZED_AUTOS = YES_AGGRESSIVE;
				GCC_WARN_UNUSED_FUNCTION = YES;
				GCC_WARN_UNUSED_VARIABLE = YES;
				IPHONEOS_DEPLOYMENT_TARGET = 17.5;
				LOCALIZATION_PREFERS_STRING_CATALOGS = YES;
				MTL_ENABLE_DEBUG_INFO = INCLUDE_SOURCE;
				MTL_FAST_MATH = YES;
				ONLY_ACTIVE_ARCH = YES;
				SDKROOT = iphoneos;
				SWIFT_ACTIVE_COMPILATION_CONDITIONS = "DEBUG $(inherited)";
				SWIFT_OPTIMIZATION_LEVEL = "-Onone";
			};
			name = Debug;
		};
		3BD00CC22C930BF00091105F /* Release */ = {
			isa = XCBuildConfiguration;
			buildSettings = {
				ALWAYS_SEARCH_USER_PATHS = NO;
				ASSETCATALOG_COMPILER_GENERATE_SWIFT_ASSET_SYMBOL_EXTENSIONS = YES;
				CLANG_ANALYZER_NONNULL = YES;
				CLANG_ANALYZER_NUMBER_OBJECT_CONVERSION = YES_AGGRESSIVE;
				CLANG_CXX_LANGUAGE_STANDARD = "gnu++20";
				CLANG_ENABLE_MODULES = YES;
				CLANG_ENABLE_OBJC_ARC = YES;
				CLANG_ENABLE_OBJC_WEAK = YES;
				CLANG_WARN_BLOCK_CAPTURE_AUTORELEASING = YES;
				CLANG_WARN_BOOL_CONVERSION = YES;
				CLANG_WARN_COMMA = YES;
				CLANG_WARN_CONSTANT_CONVERSION = YES;
				CLANG_WARN_DEPRECATED_OBJC_IMPLEMENTATIONS = YES;
				CLANG_WARN_DIRECT_OBJC_ISA_USAGE = YES_ERROR;
				CLANG_WARN_DOCUMENTATION_COMMENTS = YES;
				CLANG_WARN_EMPTY_BODY = YES;
				CLANG_WARN_ENUM_CONVERSION = YES;
				CLANG_WARN_INFINITE_RECURSION = YES;
				CLANG_WARN_INT_CONVERSION = YES;
				CLANG_WARN_NON_LITERAL_NULL_CONVERSION = YES;
				CLANG_WARN_OBJC_IMPLICIT_RETAIN_SELF = YES;
				CLANG_WARN_OBJC_LITERAL_CONVERSION = YES;
				CLANG_WARN_OBJC_ROOT_CLASS = YES_ERROR;
				CLANG_WARN_QUOTED_INCLUDE_IN_FRAMEWORK_HEADER = YES;
				CLANG_WARN_RANGE_LOOP_ANALYSIS = YES;
				CLANG_WARN_STRICT_PROTOTYPES = YES;
				CLANG_WARN_SUSPICIOUS_MOVE = YES;
				CLANG_WARN_UNGUARDED_AVAILABILITY = YES_AGGRESSIVE;
				CLANG_WARN_UNREACHABLE_CODE = YES;
				CLANG_WARN__DUPLICATE_METHOD_MATCH = YES;
				COPY_PHASE_STRIP = NO;
				DEBUG_INFORMATION_FORMAT = "dwarf-with-dsym";
				ENABLE_NS_ASSERTIONS = NO;
				ENABLE_STRICT_OBJC_MSGSEND = YES;
				ENABLE_USER_SCRIPT_SANDBOXING = YES;
				GCC_C_LANGUAGE_STANDARD = gnu17;
				GCC_NO_COMMON_BLOCKS = YES;
				GCC_WARN_64_TO_32_BIT_CONVERSION = YES;
				GCC_WARN_ABOUT_RETURN_TYPE = YES_ERROR;
				GCC_WARN_UNDECLARED_SELECTOR = YES;
				GCC_WARN_UNINITIALIZED_AUTOS = YES_AGGRESSIVE;
				GCC_WARN_UNUSED_FUNCTION = YES;
				GCC_WARN_UNUSED_VARIABLE = YES;
				IPHONEOS_DEPLOYMENT_TARGET = 17.5;
				LOCALIZATION_PREFERS_STRING_CATALOGS = YES;
				MTL_ENABLE_DEBUG_INFO = NO;
				MTL_FAST_MATH = YES;
				SDKROOT = iphoneos;
				SWIFT_COMPILATION_MODE = wholemodule;
				VALIDATE_PRODUCT = YES;
			};
			name = Release;
		};
		3BD00CC42C930BF00091105F /* Debug */ = {
			isa = XCBuildConfiguration;
			baseConfigurationReference = F316D2351322F66BFFC13492 /* Pods-SDKDemoPublic.debug.xcconfig */;
			buildSettings = {
				ASSETCATALOG_COMPILER_APPICON_NAME = AppIcon;
				ASSETCATALOG_COMPILER_GLOBAL_ACCENT_COLOR_NAME = AccentColor;
				CODE_SIGN_STYLE = Automatic;
				CURRENT_PROJECT_VERSION = 1;
				DEVELOPMENT_ASSET_PATHS = "\"SDKDemoPublic/Preview Content\"";
				DEVELOPMENT_TEAM = GA3E2USY25;
				ENABLE_PREVIEWS = YES;
				ENABLE_USER_SCRIPT_SANDBOXING = NO;
				FRAMEWORK_SEARCH_PATHS = (
					"$(inherited)",
					"$(PROJECT_DIR)",
				);
				GENERATE_INFOPLIST_FILE = YES;
				INFOPLIST_KEY_UIApplicationSceneManifest_Generation = YES;
				INFOPLIST_KEY_UIApplicationSupportsIndirectInputEvents = YES;
				INFOPLIST_KEY_UILaunchScreen_Generation = YES;
				INFOPLIST_KEY_UISupportedInterfaceOrientations_iPad = "UIInterfaceOrientationPortrait UIInterfaceOrientationPortraitUpsideDown UIInterfaceOrientationLandscapeLeft UIInterfaceOrientationLandscapeRight";
				INFOPLIST_KEY_UISupportedInterfaceOrientations_iPhone = "UIInterfaceOrientationPortrait UIInterfaceOrientationLandscapeLeft UIInterfaceOrientationLandscapeRight";
				IPHONEOS_DEPLOYMENT_TARGET = 15;
				LD_RUNPATH_SEARCH_PATHS = (
					"$(inherited)",
					"@executable_path/Frameworks",
				);
				MARKETING_VERSION = 1.0;
				PRODUCT_BUNDLE_IDENTIFIER = com.simo.ecgsdk.SDKDemoPublic;
				PRODUCT_NAME = "$(TARGET_NAME)";
				SWIFT_EMIT_LOC_STRINGS = YES;
				SWIFT_VERSION = 5.0;
				TARGETED_DEVICE_FAMILY = "1,2";
			};
			name = Debug;
		};
		3BD00CC52C930BF00091105F /* Release */ = {
			isa = XCBuildConfiguration;
			baseConfigurationReference = 2998458BCA60FA44308EB421 /* Pods-SDKDemoPublic.release.xcconfig */;
			buildSettings = {
				ASSETCATALOG_COMPILER_APPICON_NAME = AppIcon;
				ASSETCATALOG_COMPILER_GLOBAL_ACCENT_COLOR_NAME = AccentColor;
				CODE_SIGN_STYLE = Automatic;
				CURRENT_PROJECT_VERSION = 1;
				DEVELOPMENT_ASSET_PATHS = "\"SDKDemoPublic/Preview Content\"";
				DEVELOPMENT_TEAM = GA3E2USY25;
				ENABLE_PREVIEWS = YES;
				ENABLE_USER_SCRIPT_SANDBOXING = NO;
				FRAMEWORK_SEARCH_PATHS = (
					"$(inherited)",
					"$(PROJECT_DIR)",
				);
				GENERATE_INFOPLIST_FILE = YES;
				INFOPLIST_KEY_UIApplicationSceneManifest_Generation = YES;
				INFOPLIST_KEY_UIApplicationSupportsIndirectInputEvents = YES;
				INFOPLIST_KEY_UILaunchScreen_Generation = YES;
				INFOPLIST_KEY_UISupportedInterfaceOrientations_iPad = "UIInterfaceOrientationPortrait UIInterfaceOrientationPortraitUpsideDown UIInterfaceOrientationLandscapeLeft UIInterfaceOrientationLandscapeRight";
				INFOPLIST_KEY_UISupportedInterfaceOrientations_iPhone = "UIInterfaceOrientationPortrait UIInterfaceOrientationLandscapeLeft UIInterfaceOrientationLandscapeRight";
				IPHONEOS_DEPLOYMENT_TARGET = 15;
				LD_RUNPATH_SEARCH_PATHS = (
					"$(inherited)",
					"@executable_path/Frameworks",
				);
				MARKETING_VERSION = 1.0;
				PRODUCT_BUNDLE_IDENTIFIER = com.simo.ecgsdk.SDKDemoPublic;
				PRODUCT_NAME = "$(TARGET_NAME)";
				SWIFT_EMIT_LOC_STRINGS = YES;
				SWIFT_VERSION = 5.0;
				TARGETED_DEVICE_FAMILY = "1,2";
			};
			name = Release;
		};
/* End XCBuildConfiguration section */

/* Begin XCConfigurationList section */
		3BD00CB02C930BEF0091105F /* Build configuration list for PBXProject "SDKDemoPublic" */ = {
			isa = XCConfigurationList;
			buildConfigurations = (
				3BD00CC12C930BF00091105F /* Debug */,
				3BD00CC22C930BF00091105F /* Release */,
			);
			defaultConfigurationIsVisible = 0;
			defaultConfigurationName = Release;
		};
		3BD00CC32C930BF00091105F /* Build configuration list for PBXNativeTarget "SDKDemoPublic" */ = {
			isa = XCConfigurationList;
			buildConfigurations = (
				3BD00CC42C930BF00091105F /* Debug */,
				3BD00CC52C930BF00091105F /* Release */,
			);
			defaultConfigurationIsVisible = 0;
			defaultConfigurationName = Release;
		};
/* End XCConfigurationList section */
	};
	rootObject = 3BD00CAD2C930BEF0091105F /* Project object */;
}
